lockVersion: 2.0.0
id: f5719c92-1297-4aa0-bc5f-37116859d1e3
management:
  docChecksum: 7a88ff5ef4ad3289ab4aec22a110bb64
  docVersion: 0.4.0 .
  speakeasyVersion: 1.286.3
  generationVersion: 2.329.0
  releaseVersion: 4.1.13
  configChecksum: 8a3856035501e541208fbf18c67b047d
  repoURL: https://github.com/speakeasy-api/speakeasy-client-sdk-ruby.git
  repoSubDirectory: .
  installationURL: https://github.com/speakeasy-api/speakeasy-client-sdk-ruby
  published: true
features:
  ruby:
    core: 3.2.12
    examples: 2.81.3
    globalSecurity: 2.81.6
    globalServerURLs: 2.82.3
    globals: 2.82.1
    inputOutputModels: 2.83.0
    serverIDs: 2.81.1
generatedFiles:
  - lib/speakeasy_client_sdk/sdkconfiguration.rb
  - lib/speakeasy_client_sdk/apis.rb
  - lib/speakeasy_client_sdk/apiendpoints.rb
  - lib/speakeasy_client_sdk/metadata.rb
  - lib/speakeasy_client_sdk/schemas.rb
  - lib/speakeasy_client_sdk/artifacts.rb
  - lib/speakeasy_client_sdk/auth.rb
  - lib/speakeasy_client_sdk/requests.rb
  - lib/speakeasy_client_sdk/organizations.rb
  - lib/speakeasy_client_sdk/reports.rb
  - lib/speakeasy_client_sdk/embeds.rb
  - lib/speakeasy_client_sdk/events.rb
  - lib/speakeasy_client_sdk/sdk.rb
  - .rubocop.yml
  - Gemfile
  - Gemfile.lock
  - Rakefile
  - lib/speakeasy_client_sdk/utils/metadata_fields.rb
  - lib/speakeasy_client_sdk/utils/t.rb
  - lib/speakeasy_client_sdk/utils/utils.rb
  - sorbet/config
  - sorbet/rbi/annotations/.gitattributes
  - sorbet/rbi/annotations/faraday.rbi
  - sorbet/rbi/annotations/rainbow.rbi
  - sorbet/rbi/gems/.gitattributes
  - sorbet/rbi/gems/ast@2.4.2.rbi
  - sorbet/rbi/gems/base64@0.1.1.rbi
  - sorbet/rbi/gems/erubi@1.12.0.rbi
  - sorbet/rbi/gems/faraday-multipart@1.0.4.rbi
  - sorbet/rbi/gems/faraday-net_http@3.0.2.rbi
  - sorbet/rbi/gems/faraday@2.7.11.rbi
  - sorbet/rbi/gems/json@2.6.3.rbi
  - sorbet/rbi/gems/language_server-protocol@3.17.0.3.rbi
  - sorbet/rbi/gems/minitest@5.20.0.rbi
  - sorbet/rbi/gems/multipart-post@2.3.0.rbi
  - sorbet/rbi/gems/netrc@0.11.0.rbi
  - sorbet/rbi/gems/parallel@1.23.0.rbi
  - sorbet/rbi/gems/parser@3.2.2.4.rbi
  - sorbet/rbi/gems/prettier_print@1.2.1.rbi
  - sorbet/rbi/gems/racc@1.7.1.rbi
  - sorbet/rbi/gems/rack@3.0.8.rbi
  - sorbet/rbi/gems/rainbow@3.1.1.rbi
  - sorbet/rbi/gems/rake@13.0.6.rbi
  - sorbet/rbi/gems/rbi@0.1.1.rbi
  - sorbet/rbi/gems/regexp_parser@2.8.2.rbi
  - sorbet/rbi/gems/rexml@3.2.6.rbi
  - sorbet/rbi/gems/rubocop-ast@1.29.0.rbi
  - sorbet/rbi/gems/rubocop@1.57.1.rbi
  - sorbet/rbi/gems/ruby-progressbar@1.13.0.rbi
  - sorbet/rbi/gems/ruby2_keywords@0.0.5.rbi
  - sorbet/rbi/gems/spoom@1.2.4.rbi
  - sorbet/rbi/gems/syntax_tree@6.2.0.rbi
  - sorbet/rbi/gems/tapioca@0.11.9.rbi
  - sorbet/rbi/gems/thor@1.3.0.rbi
  - sorbet/rbi/gems/unicode-display_width@2.5.0.rbi
  - sorbet/rbi/gems/yard-sorbet@0.8.1.rbi
  - sorbet/rbi/gems/yard@0.9.34.rbi
  - sorbet/rbi/gems/yarp@0.13.0.rbi
  - sorbet/tapioca/config.yml
  - sorbet/tapioca/require.rb
  - speakeasy_client_sdk_ruby.gemspec
  - lib/speakeasy_client_sdk/models/operations/deleteapi_request.rb
  - lib/speakeasy_client_sdk/models/operations/deleteapi_response.rb
  - lib/speakeasy_client_sdk/models/operations/generateopenapispec_request.rb
  - lib/speakeasy_client_sdk/models/operations/generateopenapispec_response.rb
  - lib/speakeasy_client_sdk/models/operations/generatepostmancollection_request.rb
  - lib/speakeasy_client_sdk/models/operations/generatepostmancollection_response.rb
  - lib/speakeasy_client_sdk/models/operations/op.rb
  - lib/speakeasy_client_sdk/models/operations/getallapiversions_request.rb
  - lib/speakeasy_client_sdk/models/operations/getallapiversions_response.rb
  - lib/speakeasy_client_sdk/models/operations/queryparam_op.rb
  - lib/speakeasy_client_sdk/models/operations/getapis_request.rb
  - lib/speakeasy_client_sdk/models/operations/getapis_response.rb
  - lib/speakeasy_client_sdk/models/operations/upsertapi_request.rb
  - lib/speakeasy_client_sdk/models/operations/upsertapi_response.rb
  - lib/speakeasy_client_sdk/models/operations/deleteapiendpoint_request.rb
  - lib/speakeasy_client_sdk/models/operations/deleteapiendpoint_response.rb
  - lib/speakeasy_client_sdk/models/operations/findapiendpoint_request.rb
  - lib/speakeasy_client_sdk/models/operations/findapiendpoint_response.rb
  - lib/speakeasy_client_sdk/models/operations/generateopenapispecforapiendpoint_request.rb
  - lib/speakeasy_client_sdk/models/operations/generateopenapispecforapiendpoint_response.rb
  - lib/speakeasy_client_sdk/models/operations/generatepostmancollectionforapiendpoint_request.rb
  - lib/speakeasy_client_sdk/models/operations/generatepostmancollectionforapiendpoint_response.rb
  - lib/speakeasy_client_sdk/models/operations/getallapiendpoints_request.rb
  - lib/speakeasy_client_sdk/models/operations/getallapiendpoints_response.rb
  - lib/speakeasy_client_sdk/models/operations/getallforversionapiendpoints_request.rb
  - lib/speakeasy_client_sdk/models/operations/getallforversionapiendpoints_response.rb
  - lib/speakeasy_client_sdk/models/operations/getapiendpoint_request.rb
  - lib/speakeasy_client_sdk/models/operations/getapiendpoint_response.rb
  - lib/speakeasy_client_sdk/models/operations/upsertapiendpoint_request.rb
  - lib/speakeasy_client_sdk/models/operations/upsertapiendpoint_response.rb
  - lib/speakeasy_client_sdk/models/operations/deleteversionmetadata_request.rb
  - lib/speakeasy_client_sdk/models/operations/deleteversionmetadata_response.rb
  - lib/speakeasy_client_sdk/models/operations/getversionmetadata_request.rb
  - lib/speakeasy_client_sdk/models/operations/getversionmetadata_response.rb
  - lib/speakeasy_client_sdk/models/operations/insertversionmetadata_request.rb
  - lib/speakeasy_client_sdk/models/operations/insertversionmetadata_response.rb
  - lib/speakeasy_client_sdk/models/operations/deleteschema_request.rb
  - lib/speakeasy_client_sdk/models/operations/deleteschema_response.rb
  - lib/speakeasy_client_sdk/models/operations/downloadschema_request.rb
  - lib/speakeasy_client_sdk/models/operations/downloadschema_response.rb
  - lib/speakeasy_client_sdk/models/operations/downloadschemarevision_request.rb
  - lib/speakeasy_client_sdk/models/operations/downloadschemarevision_response.rb
  - lib/speakeasy_client_sdk/models/operations/getschema_request.rb
  - lib/speakeasy_client_sdk/models/operations/getschema_response.rb
  - lib/speakeasy_client_sdk/models/operations/getschemadiff_request.rb
  - lib/speakeasy_client_sdk/models/operations/getschemadiff_response.rb
  - lib/speakeasy_client_sdk/models/operations/getschemarevision_request.rb
  - lib/speakeasy_client_sdk/models/operations/getschemarevision_response.rb
  - lib/speakeasy_client_sdk/models/operations/getschemas_request.rb
  - lib/speakeasy_client_sdk/models/operations/getschemas_response.rb
  - lib/speakeasy_client_sdk/models/operations/registerschema_file.rb
  - lib/speakeasy_client_sdk/models/operations/registerschema_requestbody.rb
  - lib/speakeasy_client_sdk/models/operations/registerschema_request.rb
  - lib/speakeasy_client_sdk/models/operations/registerschema_response.rb
  - lib/speakeasy_client_sdk/models/operations/getblob_request.rb
  - lib/speakeasy_client_sdk/models/operations/getblob_response.rb
  - lib/speakeasy_client_sdk/models/operations/getmanifest_request.rb
  - lib/speakeasy_client_sdk/models/operations/getmanifest_response.rb
  - lib/speakeasy_client_sdk/models/operations/getnamespaces_response.rb
  - lib/speakeasy_client_sdk/models/operations/getrevisions_request.rb
  - lib/speakeasy_client_sdk/models/operations/getrevisions_response.rb
  - lib/speakeasy_client_sdk/models/operations/gettags_request.rb
  - lib/speakeasy_client_sdk/models/operations/gettags_response.rb
  - lib/speakeasy_client_sdk/models/operations/posttags_request.rb
  - lib/speakeasy_client_sdk/models/operations/posttags_response.rb
  - lib/speakeasy_client_sdk/models/operations/preflight_response.rb
  - lib/speakeasy_client_sdk/models/operations/getaccesstoken_request.rb
  - lib/speakeasy_client_sdk/models/operations/getaccesstoken_response.rb
  - lib/speakeasy_client_sdk/models/operations/getuser_response.rb
  - lib/speakeasy_client_sdk/models/operations/getworkspaceaccess_request.rb
  - lib/speakeasy_client_sdk/models/operations/getworkspaceaccess_response.rb
  - lib/speakeasy_client_sdk/models/operations/validateapikey_response.rb
  - lib/speakeasy_client_sdk/models/operations/generaterequestpostmancollection_request.rb
  - lib/speakeasy_client_sdk/models/operations/generaterequestpostmancollection_response.rb
  - lib/speakeasy_client_sdk/models/operations/getrequestfromeventlog_request.rb
  - lib/speakeasy_client_sdk/models/operations/getrequestfromeventlog_response.rb
  - lib/speakeasy_client_sdk/models/operations/queryeventlog_request.rb
  - lib/speakeasy_client_sdk/models/operations/queryeventlog_response.rb
  - lib/speakeasy_client_sdk/models/operations/getorganizations_response.rb
  - lib/speakeasy_client_sdk/models/operations/getchangesreportsignedurl_request.rb
  - lib/speakeasy_client_sdk/models/operations/getchangesreportsignedurl_signedaccess.rb
  - lib/speakeasy_client_sdk/models/operations/getchangesreportsignedurl_response.rb
  - lib/speakeasy_client_sdk/models/operations/getlintingreportsignedurl_request.rb
  - lib/speakeasy_client_sdk/models/operations/getlintingreportsignedurl_signedaccess.rb
  - lib/speakeasy_client_sdk/models/operations/getlintingreportsignedurl_response.rb
  - lib/speakeasy_client_sdk/models/operations/file.rb
  - lib/speakeasy_client_sdk/models/operations/uploadreport_requestbody.rb
  - lib/speakeasy_client_sdk/models/operations/uploadreport_uploadedreport.rb
  - lib/speakeasy_client_sdk/models/operations/uploadreport_response.rb
  - lib/speakeasy_client_sdk/models/operations/getembedaccesstoken_request.rb
  - lib/speakeasy_client_sdk/models/operations/getembedaccesstoken_response.rb
  - lib/speakeasy_client_sdk/models/operations/getvalidembedaccesstokens_response.rb
  - lib/speakeasy_client_sdk/models/operations/revokeembedaccesstoken_request.rb
  - lib/speakeasy_client_sdk/models/operations/revokeembedaccesstoken_response.rb
  - lib/speakeasy_client_sdk/models/operations/getworkspaceeventsbytarget_request.rb
  - lib/speakeasy_client_sdk/models/operations/getworkspaceeventsbytarget_response.rb
  - lib/speakeasy_client_sdk/models/operations/getworkspacetargets_request.rb
  - lib/speakeasy_client_sdk/models/operations/getworkspacetargets_response.rb
  - lib/speakeasy_client_sdk/models/operations/postworkspaceevents_request.rb
  - lib/speakeasy_client_sdk/models/operations/postworkspaceevents_response.rb
  - lib/speakeasy_client_sdk/models/operations/searchworkspaceevents_request.rb
  - lib/speakeasy_client_sdk/models/operations/searchworkspaceevents_response.rb
  - lib/speakeasy_client_sdk/models/shared/error.rb
  - lib/speakeasy_client_sdk/models/shared/generateopenapispecdiff.rb
  - lib/speakeasy_client_sdk/models/shared/api.rb
  - lib/speakeasy_client_sdk/models/shared/api_input.rb
  - lib/speakeasy_client_sdk/models/shared/apiendpoint.rb
  - lib/speakeasy_client_sdk/models/shared/apiendpoint_input.rb
  - lib/speakeasy_client_sdk/models/shared/versionmetadata.rb
  - lib/speakeasy_client_sdk/models/shared/versionmetadata_input.rb
  - lib/speakeasy_client_sdk/models/shared/schema.rb
  - lib/speakeasy_client_sdk/models/shared/valuechange.rb
  - lib/speakeasy_client_sdk/models/shared/schemadiff.rb
  - lib/speakeasy_client_sdk/models/shared/manifest.rb
  - lib/speakeasy_client_sdk/models/shared/v2descriptor.rb
  - lib/speakeasy_client_sdk/models/shared/annotations.rb
  - lib/speakeasy_client_sdk/models/shared/getnamespacesresponse.rb
  - lib/speakeasy_client_sdk/models/shared/namespace.rb
  - lib/speakeasy_client_sdk/models/shared/getrevisionsresponse.rb
  - lib/speakeasy_client_sdk/models/shared/revision.rb
  - lib/speakeasy_client_sdk/models/shared/gettagsresponse.rb
  - lib/speakeasy_client_sdk/models/shared/tag.rb
  - lib/speakeasy_client_sdk/models/shared/addtags.rb
  - lib/speakeasy_client_sdk/models/shared/preflighttoken.rb
  - lib/speakeasy_client_sdk/models/shared/preflightrequest.rb
  - lib/speakeasy_client_sdk/models/shared/claims.rb
  - lib/speakeasy_client_sdk/models/shared/accesstoken_user.rb
  - lib/speakeasy_client_sdk/models/shared/accesstoken_account_type.rb
  - lib/speakeasy_client_sdk/models/shared/workspaces.rb
  - lib/speakeasy_client_sdk/models/shared/accesstoken.rb
  - lib/speakeasy_client_sdk/models/shared/user.rb
  - lib/speakeasy_client_sdk/models/shared/level.rb
  - lib/speakeasy_client_sdk/models/shared/accessdetails.rb
  - lib/speakeasy_client_sdk/models/shared/account_type.rb
  - lib/speakeasy_client_sdk/models/shared/apikeydetails.rb
  - lib/speakeasy_client_sdk/models/shared/unboundedrequest.rb
  - lib/speakeasy_client_sdk/models/shared/boundedrequest.rb
  - lib/speakeasy_client_sdk/models/shared/requestmetadata.rb
  - lib/speakeasy_client_sdk/models/shared/filters.rb
  - lib/speakeasy_client_sdk/models/shared/filter.rb
  - lib/speakeasy_client_sdk/models/shared/organization_account_type.rb
  - lib/speakeasy_client_sdk/models/shared/organization.rb
  - lib/speakeasy_client_sdk/models/shared/type.rb
  - lib/speakeasy_client_sdk/models/shared/report.rb
  - lib/speakeasy_client_sdk/models/shared/embedaccesstokenresponse.rb
  - lib/speakeasy_client_sdk/models/shared/embedtoken.rb
  - lib/speakeasy_client_sdk/models/shared/generate_bump_type.rb
  - lib/speakeasy_client_sdk/models/shared/openapi_diff_bump_type.rb
  - lib/speakeasy_client_sdk/models/shared/clievent.rb
  - lib/speakeasy_client_sdk/models/shared/interactiontype.rb
  - lib/speakeasy_client_sdk/models/shared/targetsdk.rb
  - lib/speakeasy_client_sdk/models/shared/security.rb
  - lib/speakeasy_client_sdk_ruby.rb
  - lib/speakeasy_client_sdk/models/operations.rb
  - lib/speakeasy_client_sdk/models/shared.rb
  - docs/models/operations/deleteapirequest.md
  - docs/models/operations/deleteapiresponse.md
  - docs/models/operations/generateopenapispecrequest.md
  - docs/models/operations/generateopenapispecresponse.md
  - docs/models/operations/generatepostmancollectionrequest.md
  - docs/models/operations/generatepostmancollectionresponse.md
  - docs/models/operations/op.md
  - docs/models/operations/getallapiversionsrequest.md
  - docs/models/operations/getallapiversionsresponse.md
  - docs/models/operations/queryparamop.md
  - docs/models/operations/getapisrequest.md
  - docs/models/operations/getapisresponse.md
  - docs/models/operations/upsertapirequest.md
  - docs/models/operations/upsertapiresponse.md
  - docs/models/operations/deleteapiendpointrequest.md
  - docs/models/operations/deleteapiendpointresponse.md
  - docs/models/operations/findapiendpointrequest.md
  - docs/models/operations/findapiendpointresponse.md
  - docs/models/operations/generateopenapispecforapiendpointrequest.md
  - docs/models/operations/generateopenapispecforapiendpointresponse.md
  - docs/models/operations/generatepostmancollectionforapiendpointrequest.md
  - docs/models/operations/generatepostmancollectionforapiendpointresponse.md
  - docs/models/operations/getallapiendpointsrequest.md
  - docs/models/operations/getallapiendpointsresponse.md
  - docs/models/operations/getallforversionapiendpointsrequest.md
  - docs/models/operations/getallforversionapiendpointsresponse.md
  - docs/models/operations/getapiendpointrequest.md
  - docs/models/operations/getapiendpointresponse.md
  - docs/models/operations/upsertapiendpointrequest.md
  - docs/models/operations/upsertapiendpointresponse.md
  - docs/models/operations/deleteversionmetadatarequest.md
  - docs/models/operations/deleteversionmetadataresponse.md
  - docs/models/operations/getversionmetadatarequest.md
  - docs/models/operations/getversionmetadataresponse.md
  - docs/models/operations/insertversionmetadatarequest.md
  - docs/models/operations/insertversionmetadataresponse.md
  - docs/models/operations/deleteschemarequest.md
  - docs/models/operations/deleteschemaresponse.md
  - docs/models/operations/downloadschemarequest.md
  - docs/models/operations/downloadschemaresponse.md
  - docs/models/operations/downloadschemarevisionrequest.md
  - docs/models/operations/downloadschemarevisionresponse.md
  - docs/models/operations/getschemarequest.md
  - docs/models/operations/getschemaresponse.md
  - docs/models/operations/getschemadiffrequest.md
  - docs/models/operations/getschemadiffresponse.md
  - docs/models/operations/getschemarevisionrequest.md
  - docs/models/operations/getschemarevisionresponse.md
  - docs/models/operations/getschemasrequest.md
  - docs/models/operations/getschemasresponse.md
  - docs/models/operations/registerschemafile.md
  - docs/models/operations/registerschemarequestbody.md
  - docs/models/operations/registerschemarequest.md
  - docs/models/operations/registerschemaresponse.md
  - docs/models/operations/getblobrequest.md
  - docs/models/operations/getblobresponse.md
  - docs/models/operations/getmanifestrequest.md
  - docs/models/operations/getmanifestresponse.md
  - docs/models/operations/getnamespacesresponse.md
  - docs/models/operations/getrevisionsrequest.md
  - docs/models/operations/getrevisionsresponse.md
  - docs/models/operations/gettagsrequest.md
  - docs/models/operations/gettagsresponse.md
  - docs/models/operations/posttagsrequest.md
  - docs/models/operations/posttagsresponse.md
  - docs/models/operations/preflightresponse.md
  - docs/models/operations/getaccesstokenrequest.md
  - docs/models/operations/getaccesstokenresponse.md
  - docs/models/operations/getuserresponse.md
  - docs/models/operations/getworkspaceaccessrequest.md
  - docs/models/operations/getworkspaceaccessresponse.md
  - docs/models/operations/validateapikeyresponse.md
  - docs/models/operations/generaterequestpostmancollectionrequest.md
  - docs/models/operations/generaterequestpostmancollectionresponse.md
  - docs/models/operations/getrequestfromeventlogrequest.md
  - docs/models/operations/getrequestfromeventlogresponse.md
  - docs/models/operations/queryeventlogrequest.md
  - docs/models/operations/queryeventlogresponse.md
  - docs/models/operations/getorganizationsresponse.md
  - docs/models/operations/getchangesreportsignedurlrequest.md
  - docs/models/operations/getchangesreportsignedurlsignedaccess.md
  - docs/models/operations/getchangesreportsignedurlresponse.md
  - docs/models/operations/getlintingreportsignedurlrequest.md
  - docs/models/operations/getlintingreportsignedurlsignedaccess.md
  - docs/models/operations/getlintingreportsignedurlresponse.md
  - docs/models/operations/file.md
  - docs/models/operations/uploadreportrequestbody.md
  - docs/models/operations/uploadreportuploadedreport.md
  - docs/models/operations/uploadreportresponse.md
  - docs/models/operations/getembedaccesstokenrequest.md
  - docs/models/operations/getembedaccesstokenresponse.md
  - docs/models/operations/getvalidembedaccesstokensresponse.md
  - docs/models/operations/revokeembedaccesstokenrequest.md
  - docs/models/operations/revokeembedaccesstokenresponse.md
  - docs/models/operations/getworkspaceeventsbytargetrequest.md
  - docs/models/operations/getworkspaceeventsbytargetresponse.md
  - docs/models/operations/getworkspacetargetsrequest.md
  - docs/models/operations/getworkspacetargetsresponse.md
  - docs/models/operations/postworkspaceeventsrequest.md
  - docs/models/operations/postworkspaceeventsresponse.md
  - docs/models/operations/searchworkspaceeventsrequest.md
  - docs/models/operations/searchworkspaceeventsresponse.md
  - docs/models/shared/error.md
  - docs/models/shared/generateopenapispecdiff.md
  - docs/models/shared/api.md
  - docs/models/shared/apiinput.md
  - docs/models/shared/apiendpoint.md
  - docs/models/shared/apiendpointinput.md
  - docs/models/shared/versionmetadata.md
  - docs/models/shared/versionmetadatainput.md
  - docs/models/shared/schema.md
  - docs/models/shared/valuechange.md
  - docs/models/shared/schemadiff.md
  - docs/models/shared/manifest.md
  - docs/models/shared/v2descriptor.md
  - docs/models/shared/annotations.md
  - docs/models/shared/getnamespacesresponse.md
  - docs/models/shared/namespace.md
  - docs/models/shared/getrevisionsresponse.md
  - docs/models/shared/revision.md
  - docs/models/shared/gettagsresponse.md
  - docs/models/shared/tag.md
  - docs/models/shared/addtags.md
  - docs/models/shared/preflighttoken.md
  - docs/models/shared/preflightrequest.md
  - docs/models/shared/claims.md
  - docs/models/shared/accesstokenuser.md
  - docs/models/shared/accesstokenaccounttype.md
  - docs/models/shared/workspaces.md
  - docs/models/shared/accesstoken.md
  - docs/models/shared/user.md
  - docs/models/shared/level.md
  - docs/models/shared/accessdetails.md
  - docs/models/shared/accounttype.md
  - docs/models/shared/apikeydetails.md
  - docs/models/shared/unboundedrequest.md
  - docs/models/shared/boundedrequest.md
  - docs/models/shared/requestmetadata.md
  - docs/models/shared/filters.md
  - docs/models/shared/filter.md
  - docs/models/shared/organizationaccounttype.md
  - docs/models/shared/organization.md
  - docs/models/shared/type.md
  - docs/models/shared/report.md
  - docs/models/shared/embedaccesstokenresponse.md
  - docs/models/shared/embedtoken.md
  - docs/models/shared/generatebumptype.md
  - docs/models/shared/openapidiffbumptype.md
  - docs/models/shared/clievent.md
  - docs/models/shared/interactiontype.md
  - docs/models/shared/targetsdk.md
  - docs/models/shared/security.md
  - docs/sdks/sdk/README.md
  - docs/sdks/apis/README.md
  - docs/sdks/apiendpoints/README.md
  - docs/sdks/metadata/README.md
  - docs/sdks/schemas/README.md
  - docs/sdks/artifacts/README.md
  - docs/sdks/auth/README.md
  - docs/sdks/requests/README.md
  - docs/sdks/organizations/README.md
  - docs/sdks/reports/README.md
  - docs/sdks/embeds/README.md
  - docs/sdks/events/README.md
  - USAGE.md
  - .gitattributes
