speakeasyVersion: 1.405.6
sources:
    SpeakeasyClientSDK-OAS:
        sourceNamespace: speakeasy-client-sdk-oas
        sourceRevisionDigest: sha256:c17780bff47b67b0829c1af06962c4f0af2016ba538ebe51a5b01f818495f0bd
        sourceBlobDigest: sha256:0b64a1031fabde77e13c11db1c6970f09b5190df0a94b0f7bd79490ee88de3c2
        tags:
            - latest
            - main
targets:
    speakeasy-client-sdk:
        source: SpeakeasyClientSDK-OAS
        sourceNamespace: speakeasy-client-sdk-oas
        sourceRevisionDigest: sha256:c17780bff47b67b0829c1af06962c4f0af2016ba538ebe51a5b01f818495f0bd
        sourceBlobDigest: sha256:0b64a1031fabde77e13c11db1c6970f09b5190df0a94b0f7bd79490ee88de3c2
workflow:
    workflowVersion: 1.0.0
    speakeasyVersion: latest
    sources:
        SpeakeasyClientSDK-OAS:
            inputs:
                - location: https://speakeasy.com/openapi.yaml
            overlays:
                - location: .speakeasy/speakeasy-modifications-overlay.yaml
            registry:
                location: registry.speakeasyapi.dev/speakeasy-self/speakeasy-self/speakeasy-client-sdk-oas
    targets:
        speakeasy-client-sdk:
            target: ruby
            source: SpeakeasyClientSDK-OAS
